# This file is automatically @generated by Poetry 1.4.2 and should not be changed by hand.

[[package]]
name = "elementpath"
version = "2.5.3"
description = "XPath 1.0/2.0/3.0 parsers and selectors for ElementTree and lxml"
category = "main"
optional = false
python-versions = ">=3.7"
files = [
    {file = "elementpath-2.5.3-py3-none-any.whl", hash = "sha256:5ef1d51e8daa670f007914ff0f78ca7b2ecaa47e0ea0c5c699a29e6bc5f50385"},
    {file = "elementpath-2.5.3.tar.gz", hash = "sha256:b8aeb6f27dddc10fb9201b62090628a846cbae8577f3544cb1075fa38d0817f6"},
]

[package.extras]
dev = ["Sphinx", "coverage", "flake8", "lxml", "memory-profiler", "mypy (==0.950)", "tox", "xmlschema (>=1.9.0)"]

[[package]]
name = "xmlschema"
version = "1.11.3"
description = "An XML Schema validator and decoder"
category = "main"
optional = false
python-versions = ">=3.7"
files = [
    {file = "xmlschema-1.11.3-py3-none-any.whl", hash = "sha256:56cb8c028457fa8948587339a1c3fa75a0317472ab6710f34ba2c0cb57d6b710"},
    {file = "xmlschema-1.11.3.tar.gz", hash = "sha256:28a135028f7ab1e0c934fc0c6717a66b2dc5f166d123dfe6ce61afc671ad113f"},
]

[package.dependencies]
elementpath = ">=2.5.0,<3.0.0"

[package.extras]
codegen = ["elementpath (>=2.5.0,<3.0.0)", "jinja2"]
dev = ["Sphinx", "coverage", "elementpath (>=2.5.0,<3.0.0)", "flake8", "jinja2", "lxml", "lxml-stubs", "memory-profiler", "mypy", "sphinx-rtd-theme", "tox"]
docs = ["Sphinx", "elementpath (>=2.5.0,<3.0.0)", "jinja2", "sphinx-rtd-theme"]

[metadata]
lock-version = "2.0"
python-versions = "^3.9"
content-hash = "5b9996124b720ddc00471a99a0cedec3a3c98d88b0eb31ec3e6ed56b3b28ab07"
